PODS:
  - PPCustomAsyncOperation (0.1.0)

DEPENDENCIES:
  - PPCustomAsyncOperation (from `../`)

EXTERNAL SOURCES:
  PPCustomAsyncOperation:
    :path: "../"

SPEC CHECKSUMS:
  PPCustomAsyncOperation: 9509abbd68c2e0388387287561f155b0fec657b0

PODFILE CHECKSUM: e3f05e0f6272662dd35d2a763b18af2819466383

COCOAPODS: 1.14.3
